// !$*UTF8*$!
{
	archiveVersion = 1;
	classes = {
	};
	objectVersion = 55;
	objects = {

/* Begin PBXBuildFile section */
		B2C62D9829246A0A0044D5C9 /*  OnboardingViewController.swift in Sources */ = {isa = PBXBuildFile; fileRef = B2C62D9729246A0A0044D5C9 /*  OnboardingViewController.swift */; };
		B2C62D9A292485C00044D5C9 /* GoogleService-Info.plist in Resources */ = {isa = PBXBuildFile; fileRef = B2C62D99292485C00044D5C9 /* GoogleService-Info.plist */; };
		B2C62D9D292486780044D5C9 /* FirebaseAuth in Frameworks */ = {isa = PBXBuildFile; productRef = B2C62D9C292486780044D5C9 /* FirebaseAuth */; };
		B2C62D9F292486780044D5C9 /* FirebaseAuthCombine-Community in Frameworks */ = {isa = PBXBuildFile; productRef = B2C62D9E292486780044D5C9 /* FirebaseAuthCombine-Community */; };
		B2C62DA1292486780044D5C9 /* FirebaseDatabase in Frameworks */ = {isa = PBXBuildFile; productRef = B2C62DA0292486780044D5C9 /* FirebaseDatabase */; };
		B2C62DA3292486780044D5C9 /* FirebaseDatabaseSwift in Frameworks */ = {isa = PBXBuildFile; productRef = B2C62DA2292486780044D5C9 /* FirebaseDatabaseSwift */; };
		B2C62DA5292486780044D5C9 /* FirebaseFirestore in Frameworks */ = {isa = PBXBuildFile; productRef = B2C62DA4292486780044D5C9 /* FirebaseFirestore */; };
		B2C62DA7292486780044D5C9 /* FirebaseFirestoreCombine-Community in Frameworks */ = {isa = PBXBuildFile; productRef = B2C62DA6292486780044D5C9 /* FirebaseFirestoreCombine-Community */; };
		B2C62DA9292486780044D5C9 /* FirebaseFirestoreSwift in Frameworks */ = {isa = PBXBuildFile; productRef = B2C62DA8292486780044D5C9 /* FirebaseFirestoreSwift */; };
		B2C62DAB292486780044D5C9 /* FirebaseStorage in Frameworks */ = {isa = PBXBuildFile; productRef = B2C62DAA292486780044D5C9 /* FirebaseStorage */; };
		B2C62DAD292486780044D5C9 /* FirebaseStorageCombine-Community in Frameworks */ = {isa = PBXBuildFile; productRef = B2C62DAC292486780044D5C9 /* FirebaseStorageCombine-Community */; };
		B2C62DB02924873C0044D5C9 /* AuthManager.swift in Sources */ = {isa = PBXBuildFile; fileRef = B2C62DAF2924873C0044D5C9 /* AuthManager.swift */; };
		B2C62DB2292489E40044D5C9 /* AuthenticationViewModel.swift in Sources */ = {isa = PBXBuildFile; fileRef = B2C62DB1292489E40044D5C9 /* AuthenticationViewModel.swift */; };
		B2CF47232903F9C200759AF4 /* AppDelegate.swift in Sources */ = {isa = PBXBuildFile; fileRef = B2CF47222903F9C200759AF4 /* AppDelegate.swift */; };
		B2CF47252903F9C200759AF4 /* SceneDelegate.swift in Sources */ = {isa = PBXBuildFile; fileRef = B2CF47242903F9C200759AF4 /* SceneDelegate.swift */; };
		B2CF47272903F9C200759AF4 /* HomeViewController.swift in Sources */ = {isa = PBXBuildFile; fileRef = B2CF47262903F9C200759AF4 /* HomeViewController.swift */; };
		B2CF472C2903F9C300759AF4 /* Assets.xcassets in Resources */ = {isa = PBXBuildFile; fileRef = B2CF472B2903F9C300759AF4 /* Assets.xcassets */; };
		B2CF472F2903F9C300759AF4 /* LaunchScreen.storyboard in Resources */ = {isa = PBXBuildFile; fileRef = B2CF472D2903F9C300759AF4 /* LaunchScreen.storyboard */; };
		B2CF47982906484800759AF4 /* Parchment in Frameworks */ = {isa = PBXBuildFile; productRef = B2CF47972906484800759AF4 /* Parchment */; };
		B2CF479A290648AE00759AF4 /* UIView-Extension.swift in Sources */ = {isa = PBXBuildFile; fileRef = B2CF4799290648AE00759AF4 /* UIView-Extension.swift */; };
		B2CF479C29064E6000759AF4 /* PlayerCell.swift in Sources */ = {isa = PBXBuildFile; fileRef = B2CF479B29064E6000759AF4 /* PlayerCell.swift */; };
		B2CF479E2906765400759AF4 /* ProfileView.swift in Sources */ = {isa = PBXBuildFile; fileRef = B2CF479D2906765400759AF4 /* ProfileView.swift */; };
		B2CF47A02907B43D00759AF4 /* MainTabBarController.swift in Sources */ = {isa = PBXBuildFile; fileRef = B2CF479F2907B43D00759AF4 /* MainTabBarController.swift */; };
		B2CF47A32907B4F000759AF4 /* ProfileViewController.swift in Sources */ = {isa = PBXBuildFile; fileRef = B2CF47A22907B4F000759AF4 /* ProfileViewController.swift */; };
		B2CF47A52907B4FE00759AF4 /* SettingViewController.swift in Sources */ = {isa = PBXBuildFile; fileRef = B2CF47A42907B4FE00759AF4 /* SettingViewController.swift */; };
		B2CF47A72908EA4300759AF4 /* PlayerDataModel.swift in Sources */ = {isa = PBXBuildFile; fileRef = B2CF47A62908EA4300759AF4 /* PlayerDataModel.swift */; };
		B2CF4802290ABA2000759AF4 /* PlayerHeaderView.swift in Sources */ = {isa = PBXBuildFile; fileRef = B2CF4801290ABA2000759AF4 /* PlayerHeaderView.swift */; };
		B2CF4804290BC4B400759AF4 /* VoteViewController.swift in Sources */ = {isa = PBXBuildFile; fileRef = B2CF4803290BC4B400759AF4 /* VoteViewController.swift */; };
		B2CF4829290FAE8400759AF4 /* LoginViewController.swift in Sources */ = {isa = PBXBuildFile; fileRef = B2CF4828290FAE8400759AF4 /* LoginViewController.swift */; };
		B2CF482B290FAEA900759AF4 /* RegisterViewController.swift in Sources */ = {isa = PBXBuildFile; fileRef = B2CF482A290FAEA900759AF4 /* RegisterViewController.swift */; };
		B2CF4833290FD9F000759AF4 /* CustomAlertProfileView.swift in Sources */ = {isa = PBXBuildFile; fileRef = B2CF4832290FD9F000759AF4 /* CustomAlertProfileView.swift */; };
/* End PBXBuildFile section */

/* Begin PBXFileReference section */
		B2C62D9729246A0A0044D5C9 /*  OnboardingViewController.swift */ = {isa = PBXFileReference; lastKnownFileType = sourcecode.swift; path = " OnboardingViewController.swift"; sourceTree = "<group>"; };
		B2C62D99292485C00044D5C9 /* GoogleService-Info.plist */ = {isa = PBXFileReference; lastKnownFileType = text.plist; path = "GoogleService-Info.plist"; sourceTree = SOURCE_ROOT; };
		B2C62DAF2924873C0044D5C9 /* AuthManager.swift */ = {isa = PBXFileReference; lastKnownFileType = sourcecode.swift; path = AuthManager.swift; sourceTree = "<group>"; };
		B2C62DB1292489E40044D5C9 /* AuthenticationViewModel.swift */ = {isa = PBXFileReference; lastKnownFileType = sourcecode.swift; path = AuthenticationViewModel.swift; sourceTree = "<group>"; };
		B2CF471F2903F9C200759AF4 /* VoteApp.app */ = {isa = PBXFileReference; explicitFileType = wrapper.application; includeInIndex = 0; path = VoteApp.app; sourceTree = BUILT_PRODUCTS_DIR; };
		B2CF47222903F9C200759AF4 /* AppDelegate.swift */ = {isa = PBXFileReference; lastKnownFileType = sourcecode.swift; path = AppDelegate.swift; sourceTree = "<group>"; };
		B2CF47242903F9C200759AF4 /* SceneDelegate.swift */ = {isa = PBXFileReference; lastKnownFileType = sourcecode.swift; path = SceneDelegate.swift; sourceTree = "<group>"; };
		B2CF47262903F9C200759AF4 /* HomeViewController.swift */ = {isa = PBXFileReference; lastKnownFileType = sourcecode.swift; path = HomeViewController.swift; sourceTree = "<group>"; };
		B2CF472B2903F9C300759AF4 /* Assets.xcassets */ = {isa = PBXFileReference; lastKnownFileType = folder.assetcatalog; path = Assets.xcassets; sourceTree = "<group>"; };
		B2CF472E2903F9C300759AF4 /* Base */ = {isa = PBXFileReference; lastKnownFileType = file.storyboard; name = Base; path = Base.lproj/LaunchScreen.storyboard; sourceTree = "<group>"; };
		B2CF47302903F9C300759AF4 /* Info.plist */ = {isa = PBXFileReference; lastKnownFileType = text.plist.xml; path = Info.plist; sourceTree = "<group>"; };
		B2CF4799290648AE00759AF4 /* UIView-Extension.swift */ = {isa = PBXFileReference; lastKnownFileType = sourcecode.swift; path = "UIView-Extension.swift"; sourceTree = "<group>"; };
		B2CF479B29064E6000759AF4 /* PlayerCell.swift */ = {isa = PBXFileReference; lastKnownFileType = sourcecode.swift; path = PlayerCell.swift; sourceTree = "<group>"; };
		B2CF479D2906765400759AF4 /* ProfileView.swift */ = {isa = PBXFileReference; lastKnownFileType = sourcecode.swift; path = ProfileView.swift; sourceTree = "<group>"; };
		B2CF479F2907B43D00759AF4 /* MainTabBarController.swift */ = {isa = PBXFileReference; lastKnownFileType = sourcecode.swift; path = MainTabBarController.swift; sourceTree = "<group>"; };
		B2CF47A22907B4F000759AF4 /* ProfileViewController.swift */ = {isa = PBXFileReference; lastKnownFileType = sourcecode.swift; path = ProfileViewController.swift; sourceTree = "<group>"; };
		B2CF47A42907B4FE00759AF4 /* SettingViewController.swift */ = {isa = PBXFileReference; lastKnownFileType = sourcecode.swift; path = SettingViewController.swift; sourceTree = "<group>"; };
		B2CF47A62908EA4300759AF4 /* PlayerDataModel.swift */ = {isa = PBXFileReference; lastKnownFileType = sourcecode.swift; path = PlayerDataModel.swift; sourceTree = "<group>"; };
		B2CF4801290ABA2000759AF4 /* PlayerHeaderView.swift */ = {isa = PBXFileReference; lastKnownFileType = sourcecode.swift; path = PlayerHeaderView.swift; sourceTree = "<group>"; };
		B2CF4803290BC4B400759AF4 /* VoteViewController.swift */ = {isa = PBXFileReference; lastKnownFileType = sourcecode.swift; path = VoteViewController.swift; sourceTree = "<group>"; };
		B2CF4828290FAE8400759AF4 /* LoginViewController.swift */ = {isa = PBXFileReference; lastKnownFileType = sourcecode.swift; path = LoginViewController.swift; sourceTree = "<group>"; };
		B2CF482A290FAEA900759AF4 /* RegisterViewController.swift */ = {isa = PBXFileReference; lastKnownFileType = sourcecode.swift; path = RegisterViewController.swift; sourceTree = "<group>"; };
		B2CF4832290FD9F000759AF4 /* CustomAlertProfileView.swift */ = {isa = PBXFileReference; lastKnownFileType = sourcecode.swift; path = CustomAlertProfileView.swift; sourceTree = "<group>"; };
/* End PBXFileReference section */

/* Begin PBXFrameworksBuildPhase section */
		B2CF471C2903F9C200759AF4 /* Frameworks */ = {
			isa = PBXFrameworksBuildPhase;
			buildActionMask = 2147483647;
			files = (
				B2C62DA3292486780044D5C9 /* FirebaseDatabaseSwift in Frameworks */,
				B2CF47982906484800759AF4 /* Parchment in Frameworks */,
				B2C62DAD292486780044D5C9 /* FirebaseStorageCombine-Community in Frameworks */,
				B2C62DAB292486780044D5C9 /* FirebaseStorage in Frameworks */,
				B2C62D9F292486780044D5C9 /* FirebaseAuthCombine-Community in Frameworks */,
				B2C62DA1292486780044D5C9 /* FirebaseDatabase in Frameworks */,
				B2C62D9D292486780044D5C9 /* FirebaseAuth in Frameworks */,
				B2C62DA5292486780044D5C9 /* FirebaseFirestore in Frameworks */,
				B2C62DA7292486780044D5C9 /* FirebaseFirestoreCombine-Community in Frameworks */,
				B2C62DA9292486780044D5C9 /* FirebaseFirestoreSwift in Frameworks */,
			);
			runOnlyForDeploymentPostprocessing = 0;
		};
/* End PBXFrameworksBuildPhase section */

/* Begin PBXGroup section */
		B2C62DAE292487140044D5C9 /* NetWorking */ = {
			isa = PBXGroup;
			children = (
				B2C62DAF2924873C0044D5C9 /* AuthManager.swift */,
			);
			path = NetWorking;
			sourceTree = "<group>";
		};
		B2CF47162903F9C200759AF4 = {
			isa = PBXGroup;
			children = (
				B2CF47212903F9C200759AF4 /* VoteApp */,
				B2CF47202903F9C200759AF4 /* Products */,
			);
			sourceTree = "<group>";
		};
		B2CF47202903F9C200759AF4 /* Products */ = {
			isa = PBXGroup;
			children = (
				B2CF471F2903F9C200759AF4 /* VoteApp.app */,
			);
			name = Products;
			sourceTree = "<group>";
		};
		B2CF47212903F9C200759AF4 /* VoteApp */ = {
			isa = PBXGroup;
			children = (
				B2C62DAE292487140044D5C9 /* NetWorking */,
				B2CF475A2906358000759AF4 /* Model */,
				B2CF47592906357C00759AF4 /* View */,
				B2CF47582906357000759AF4 /* ViewModel */,
				B2CF47572906356D00759AF4 /* Controller */,
				B2CF47562906356A00759AF4 /* Utilies */,
				B2CF47222903F9C200759AF4 /* AppDelegate.swift */,
				B2CF47242903F9C200759AF4 /* SceneDelegate.swift */,
				B2CF472B2903F9C300759AF4 /* Assets.xcassets */,
				B2CF472D2903F9C300759AF4 /* LaunchScreen.storyboard */,
				B2CF47302903F9C300759AF4 /* Info.plist */,
				B2C62D99292485C00044D5C9 /* GoogleService-Info.plist */,
			);
			path = VoteApp;
			sourceTree = "<group>";
		};
		B2CF47562906356A00759AF4 /* Utilies */ = {
			isa = PBXGroup;
			children = (
				B2CF4799290648AE00759AF4 /* UIView-Extension.swift */,
			);
			path = Utilies;
			sourceTree = "<group>";
		};
		B2CF47572906356D00759AF4 /* Controller */ = {
			isa = PBXGroup;
			children = (
				B2CF479F2907B43D00759AF4 /* MainTabBarController.swift */,
				B2CF4827290FAE6600759AF4 /* Authentication */,
				B2CF47A12907B4A800759AF4 /* Core */,
				B2CF4820290FA8D800759AF4 /* General */,
			);
			path = Controller;
			sourceTree = "<group>";
		};
		B2CF47582906357000759AF4 /* ViewModel */ = {
			isa = PBXGroup;
			children = (
				B2C62DB1292489E40044D5C9 /* AuthenticationViewModel.swift */,
			);
			path = ViewModel;
			sourceTree = "<group>";
		};
		B2CF47592906357C00759AF4 /* View */ = {
			isa = PBXGroup;
			children = (
				B2CF479B29064E6000759AF4 /* PlayerCell.swift */,
				B2CF4801290ABA2000759AF4 /* PlayerHeaderView.swift */,
				B2CF479D2906765400759AF4 /* ProfileView.swift */,
				B2CF4832290FD9F000759AF4 /* CustomAlertProfileView.swift */,
			);
			path = View;
			sourceTree = "<group>";
		};
		B2CF475A2906358000759AF4 /* Model */ = {
			isa = PBXGroup;
			children = (
				B2CF47A62908EA4300759AF4 /* PlayerDataModel.swift */,
			);
			path = Model;
			sourceTree = "<group>";
		};
		B2CF47A12907B4A800759AF4 /* Core */ = {
			isa = PBXGroup;
			children = (
				B2CF47262903F9C200759AF4 /* HomeViewController.swift */,
				B2CF47A22907B4F000759AF4 /* ProfileViewController.swift */,
				B2CF47A42907B4FE00759AF4 /* SettingViewController.swift */,
			);
			path = Core;
			sourceTree = "<group>";
		};
		B2CF4820290FA8D800759AF4 /* General */ = {
			isa = PBXGroup;
			children = (
				B2CF4821290FA8FD00759AF4 /* Home */,
				B2CF4823290FA91300759AF4 /* Profile */,
				B2CF4824290FA91E00759AF4 /* Setting */,
			);
			path = General;
			sourceTree = "<group>";
		};
		B2CF4821290FA8FD00759AF4 /* Home */ = {
			isa = PBXGroup;
			children = (
				B2CF4803290BC4B400759AF4 /* VoteViewController.swift */,
			);
			path = Home;
			sourceTree = "<group>";
		};
		B2CF4823290FA91300759AF4 /* Profile */ = {
			isa = PBXGroup;
			children = (
			);
			path = Profile;
			sourceTree = "<group>";
		};
		B2CF4824290FA91E00759AF4 /* Setting */ = {
			isa = PBXGroup;
			children = (
			);
			path = Setting;
			sourceTree = "<group>";
		};
		B2CF4827290FAE6600759AF4 /* Authentication */ = {
			isa = PBXGroup;
			children = (
				B2C62D9729246A0A0044D5C9 /*  OnboardingViewController.swift */,
				B2CF4828290FAE8400759AF4 /* LoginViewController.swift */,
				B2CF482A290FAEA900759AF4 /* RegisterViewController.swift */,
			);
			path = Authentication;
			sourceTree = "<group>";
		};
/* End PBXGroup section */

/* Begin PBXNativeTarget section */
		B2CF471E2903F9C200759AF4 /* VoteApp */ = {
			isa = PBXNativeTarget;
			buildConfigurationList = B2CF47332903F9C300759AF4 /* Build configuration list for PBXNativeTarget "VoteApp" */;
			buildPhases = (
				B2CF471B2903F9C200759AF4 /* Sources */,
				B2CF471C2903F9C200759AF4 /* Frameworks */,
				B2CF471D2903F9C200759AF4 /* Resources */,
			);
			buildRules = (
			);
			dependencies = (
			);
			name = VoteApp;
			packageProductDependencies = (
				B2CF47972906484800759AF4 /* Parchment */,
				B2C62D9C292486780044D5C9 /* FirebaseAuth */,
				B2C62D9E292486780044D5C9 /* FirebaseAuthCombine-Community */,
				B2C62DA0292486780044D5C9 /* FirebaseDatabase */,
				B2C62DA2292486780044D5C9 /* FirebaseDatabaseSwift */,
				B2C62DA4292486780044D5C9 /* FirebaseFirestore */,
				B2C62DA6292486780044D5C9 /* FirebaseFirestoreCombine-Community */,
				B2C62DA8292486780044D5C9 /* FirebaseFirestoreSwift */,
				B2C62DAA292486780044D5C9 /* FirebaseStorage */,
				B2C62DAC292486780044D5C9 /* FirebaseStorageCombine-Community */,
			);
			productName = VoteApp;
			productReference = B2CF471F2903F9C200759AF4 /* VoteApp.app */;
			productType = "com.apple.product-type.application";
		};
/* End PBXNativeTarget section */

/* Begin PBXProject section */
		B2CF47172903F9C200759AF4 /* Project object */ = {
			isa = PBXProject;
			attributes = {
				BuildIndependentTargetsInParallel = 1;
				LastSwiftUpdateCheck = 1340;
				LastUpgradeCheck = 1340;
				TargetAttributes = {
					B2CF471E2903F9C200759AF4 = {
						CreatedOnToolsVersion = 13.4.1;
					};
				};
			};
			buildConfigurationList = B2CF471A2903F9C200759AF4 /* Build configuration list for PBXProject "VoteApp" */;
			compatibilityVersion = "Xcode 13.0";
			developmentRegion = en;
			hasScannedForEncodings = 0;
			knownRegions = (
				en,
				Base,
			);
			mainGroup = B2CF47162903F9C200759AF4;
			packageReferences = (
				B2CF47962906484800759AF4 /* XCRemoteSwiftPackageReference "Parchment" */,
				B2C62D9B292486780044D5C9 /* XCRemoteSwiftPackageReference "firebase-ios-sdk" */,
			);
			productRefGroup = B2CF47202903F9C200759AF4 /* Products */;
			projectDirPath = "";
			projectRoot = "";
			targets = (
				B2CF471E2903F9C200759AF4 /* VoteApp */,
			);
		};
/* End PBXProject section */

/* Begin PBXResourcesBuildPhase section */
		B2CF471D2903F9C200759AF4 /* Resources */ = {
			isa = PBXResourcesBuildPhase;
			buildActionMask = 2147483647;
			files = (
				B2CF472F2903F9C300759AF4 /* LaunchScreen.storyboard in Resources */,
				B2CF472C2903F9C300759AF4 /* Assets.xcassets in Resources */,
				B2C62D9A292485C00044D5C9 /* GoogleService-Info.plist in Resources */,
			);
			runOnlyForDeploymentPostprocessing = 0;
		};
/* End PBXResourcesBuildPhase section */

/* Begin PBXSourcesBuildPhase section */
		B2CF471B2903F9C200759AF4 /* Sources */ = {
			isa = PBXSourcesBuildPhase;
			buildActionMask = 2147483647;
			files = (
				B2CF4833290FD9F000759AF4 /* CustomAlertProfileView.swift in Sources */,
				B2CF4804290BC4B400759AF4 /* VoteViewController.swift in Sources */,
				B2CF47272903F9C200759AF4 /* HomeViewController.swift in Sources */,
				B2CF47A02907B43D00759AF4 /* MainTabBarController.swift in Sources */,
				B2CF47A72908EA4300759AF4 /* PlayerDataModel.swift in Sources */,
				B2CF479C29064E6000759AF4 /* PlayerCell.swift in Sources */,
				B2C62DB2292489E40044D5C9 /* AuthenticationViewModel.swift in Sources */,
				B2CF47232903F9C200759AF4 /* AppDelegate.swift in Sources */,
				B2C62DB02924873C0044D5C9 /* AuthManager.swift in Sources */,
				B2CF47A52907B4FE00759AF4 /* SettingViewController.swift in Sources */,
				B2CF479A290648AE00759AF4 /* UIView-Extension.swift in Sources */,
				B2CF47A32907B4F000759AF4 /* ProfileViewController.swift in Sources */,
				B2CF482B290FAEA900759AF4 /* RegisterViewController.swift in Sources */,
				B2CF4802290ABA2000759AF4 /* PlayerHeaderView.swift in Sources */,
				B2C62D9829246A0A0044D5C9 /*  OnboardingViewController.swift in Sources */,
				B2CF479E2906765400759AF4 /* ProfileView.swift in Sources */,
				B2CF4829290FAE8400759AF4 /* LoginViewController.swift in Sources */,
				B2CF47252903F9C200759AF4 /* SceneDelegate.swift in Sources */,
			);
			runOnlyForDeploymentPostprocessing = 0;
		};
/* End PBXSourcesBuildPhase section */

/* Begin PBXVariantGroup section */
		B2CF472D2903F9C300759AF4 /* LaunchScreen.storyboard */ = {
			isa = PBXVariantGroup;
			children = (
				B2CF472E2903F9C300759AF4 /* Base */,
			);
			name = LaunchScreen.storyboard;
			sourceTree = "<group>";
		};
/* End PBXVariantGroup section */

/* Begin XCBuildConfiguration section */
		B2CF47312903F9C300759AF4 /* Debug */ = {
			isa = XCBuildConfiguration;
			buildSettings = {
				ALWAYS_SEARCH_USER_PATHS = NO;
				CLANG_ANALYZER_NONNULL = YES;
				CLANG_ANALYZER_NUMBER_OBJECT_CONVERSION = YES_AGGRESSIVE;
				CLANG_CXX_LANGUAGE_STANDARD = "gnu++17";
				CLANG_ENABLE_MODULES = YES;
				CLANG_ENABLE_OBJC_ARC = YES;
				CLANG_ENABLE_OBJC_WEAK = YES;
				CLANG_WARN_BLOCK_CAPTURE_AUTORELEASING = YES;
				CLANG_WARN_BOOL_CONVERSION = YES;
				CLANG_WARN_COMMA = YES;
				CLANG_WARN_CONSTANT_CONVERSION = YES;
				CLANG_WARN_DEPRECATED_OBJC_IMPLEMENTATIONS = YES;
				CLANG_WARN_DIRECT_OBJC_ISA_USAGE = YES_ERROR;
				CLANG_WARN_DOCUMENTATION_COMMENTS = YES;
				CLANG_WARN_EMPTY_BODY = YES;
				CLANG_WARN_ENUM_CONVERSION = YES;
				CLANG_WARN_INFINITE_RECURSION = YES;
				CLANG_WARN_INT_CONVERSION = YES;
				CLANG_WARN_NON_LITERAL_NULL_CONVERSION = YES;
				CLANG_WARN_OBJC_IMPLICIT_RETAIN_SELF = YES;
				CLANG_WARN_OBJC_LITERAL_CONVERSION = YES;
				CLANG_WARN_OBJC_ROOT_CLASS = YES_ERROR;
				CLANG_WARN_QUOTED_INCLUDE_IN_FRAMEWORK_HEADER = YES;
				CLANG_WARN_RANGE_LOOP_ANALYSIS = YES;
				CLANG_WARN_STRICT_PROTOTYPES = YES;
				CLANG_WARN_SUSPICIOUS_MOVE = YES;
				CLANG_WARN_UNGUARDED_AVAILABILITY = YES_AGGRESSIVE;
				CLANG_WARN_UNREACHABLE_CODE = YES;
				CLANG_WARN__DUPLICATE_METHOD_MATCH = YES;
				COPY_PHASE_STRIP = NO;
				DEBUG_INFORMATION_FORMAT = dwarf;
				ENABLE_STRICT_OBJC_MSGSEND = YES;
				ENABLE_TESTABILITY = YES;
				GCC_C_LANGUAGE_STANDARD = gnu11;
				GCC_DYNAMIC_NO_PIC = NO;
				GCC_NO_COMMON_BLOCKS = YES;
				GCC_OPTIMIZATION_LEVEL = 0;
				GCC_PREPROCESSOR_DEFINITIONS = (
					"DEBUG=1",
					"$(inherited)",
				);
				GCC_WARN_64_TO_32_BIT_CONVERSION = YES;
				GCC_WARN_ABOUT_RETURN_TYPE = YES_ERROR;
				GCC_WARN_UNDECLARED_SELECTOR = YES;
				GCC_WARN_UNINITIALIZED_AUTOS = YES_AGGRESSIVE;
				GCC_WARN_UNUSED_FUNCTION = YES;
				GCC_WARN_UNUSED_VARIABLE = YES;
				IPHONEOS_DEPLOYMENT_TARGET = 15.5;
				MTL_ENABLE_DEBUG_INFO = INCLUDE_SOURCE;
				MTL_FAST_MATH = YES;
				ONLY_ACTIVE_ARCH = YES;
				SDKROOT = iphoneos;
				SWIFT_ACTIVE_COMPILATION_CONDITIONS = DEBUG;
				SWIFT_OPTIMIZATION_LEVEL = "-Onone";
			};
			name = Debug;
		};
		B2CF47322903F9C300759AF4 /* Release */ = {
			isa = XCBuildConfiguration;
			buildSettings = {
				ALWAYS_SEARCH_USER_PATHS = NO;
				CLANG_ANALYZER_NONNULL = YES;
				CLANG_ANALYZER_NUMBER_OBJECT_CONVERSION = YES_AGGRESSIVE;
				CLANG_CXX_LANGUAGE_STANDARD = "gnu++17";
				CLANG_ENABLE_MODULES = YES;
				CLANG_ENABLE_OBJC_ARC = YES;
				CLANG_ENABLE_OBJC_WEAK = YES;
				CLANG_WARN_BLOCK_CAPTURE_AUTORELEASING = YES;
				CLANG_WARN_BOOL_CONVERSION = YES;
				CLANG_WARN_COMMA = YES;
				CLANG_WARN_CONSTANT_CONVERSION = YES;
				CLANG_WARN_DEPRECATED_OBJC_IMPLEMENTATIONS = YES;
				CLANG_WARN_DIRECT_OBJC_ISA_USAGE = YES_ERROR;
				CLANG_WARN_DOCUMENTATION_COMMENTS = YES;
				CLANG_WARN_EMPTY_BODY = YES;
				CLANG_WARN_ENUM_CONVERSION = YES;
				CLANG_WARN_INFINITE_RECURSION = YES;
				CLANG_WARN_INT_CONVERSION = YES;
				CLANG_WARN_NON_LITERAL_NULL_CONVERSION = YES;
				CLANG_WARN_OBJC_IMPLICIT_RETAIN_SELF = YES;
				CLANG_WARN_OBJC_LITERAL_CONVERSION = YES;
				CLANG_WARN_OBJC_ROOT_CLASS = YES_ERROR;
				CLANG_WARN_QUOTED_INCLUDE_IN_FRAMEWORK_HEADER = YES;
				CLANG_WARN_RANGE_LOOP_ANALYSIS = YES;
				CLANG_WARN_STRICT_PROTOTYPES = YES;
				CLANG_WARN_SUSPICIOUS_MOVE = YES;
				CLANG_WARN_UNGUARDED_AVAILABILITY = YES_AGGRESSIVE;
				CLANG_WARN_UNREACHABLE_CODE = YES;
				CLANG_WARN__DUPLICATE_METHOD_MATCH = YES;
				COPY_PHASE_STRIP = NO;
				DEBUG_INFORMATION_FORMAT = "dwarf-with-dsym";
				ENABLE_NS_ASSERTIONS = NO;
				ENABLE_STRICT_OBJC_MSGSEND = YES;
				GCC_C_LANGUAGE_STANDARD = gnu11;
				GCC_NO_COMMON_BLOCKS = YES;
				GCC_WARN_64_TO_32_BIT_CONVERSION = YES;
				GCC_WARN_ABOUT_RETURN_TYPE = YES_ERROR;
				GCC_WARN_UNDECLARED_SELECTOR = YES;
				GCC_WARN_UNINITIALIZED_AUTOS = YES_AGGRESSIVE;
				GCC_WARN_UNUSED_FUNCTION = YES;
				GCC_WARN_UNUSED_VARIABLE = YES;
				IPHONEOS_DEPLOYMENT_TARGET = 15.5;
				MTL_ENABLE_DEBUG_INFO = NO;
				MTL_FAST_MATH = YES;
				SDKROOT = iphoneos;
				SWIFT_COMPILATION_MODE = wholemodule;
				SWIFT_OPTIMIZATION_LEVEL = "-O";
				VALIDATE_PRODUCT = YES;
			};
			name = Release;
		};
		B2CF47342903F9C300759AF4 /* Debug */ = {
			isa = XCBuildConfiguration;
			buildSettings = {
				ASSETCATALOG_COMPILER_APPICON_NAME = AppIcon;
				ASSETCATALOG_COMPILER_GLOBAL_ACCENT_COLOR_NAME = AccentColor;
				CODE_SIGN_STYLE = Automatic;
				CURRENT_PROJECT_VERSION = 1;
				DEVELOPMENT_TEAM = N4KYPFFB9X;
				GENERATE_INFOPLIST_FILE = YES;
				INFOPLIST_FILE = VoteApp/Info.plist;
				INFOPLIST_KEY_UIApplicationSupportsIndirectInputEvents = YES;
				INFOPLIST_KEY_UILaunchStoryboardName = LaunchScreen;
				INFOPLIST_KEY_UISupportedInterfaceOrientations_iPad = "UIInterfaceOrientationPortrait UIInterfaceOrientationPortraitUpsideDown UIInterfaceOrientationLandscapeLeft UIInterfaceOrientationLandscapeRight";
				INFOPLIST_KEY_UISupportedInterfaceOrientations_iPhone = "UIInterfaceOrientationPortrait UIInterfaceOrientationLandscapeLeft UIInterfaceOrientationLandscapeRight";
				LD_RUNPATH_SEARCH_PATHS = (
					"$(inherited)",
					"@executable_path/Frameworks",
				);
				MARKETING_VERSION = 1.0;
				PRODUCT_BUNDLE_IDENTIFIER = com.kamijo.VoteApp;
				PRODUCT_NAME = "$(TARGET_NAME)";
				SWIFT_EMIT_LOC_STRINGS = YES;
				SWIFT_VERSION = 5.0;
				TARGETED_DEVICE_FAMILY = "1,2";
			};
			name = Debug;
		};
		B2CF47352903F9C300759AF4 /* Release */ = {
			isa = XCBuildConfiguration;
			buildSettings = {
				ASSETCATALOG_COMPILER_APPICON_NAME = AppIcon;
				ASSETCATALOG_COMPILER_GLOBAL_ACCENT_COLOR_NAME = AccentColor;
				CODE_SIGN_STYLE = Automatic;
				CURRENT_PROJECT_VERSION = 1;
				DEVELOPMENT_TEAM = N4KYPFFB9X;
				GENERATE_INFOPLIST_FILE = YES;
				INFOPLIST_FILE = VoteApp/Info.plist;
				INFOPLIST_KEY_UIApplicationSupportsIndirectInputEvents = YES;
				INFOPLIST_KEY_UILaunchStoryboardName = LaunchScreen;
				INFOPLIST_KEY_UISupportedInterfaceOrientations_iPad = "UIInterfaceOrientationPortrait UIInterfaceOrientationPortraitUpsideDown UIInterfaceOrientationLandscapeLeft UIInterfaceOrientationLandscapeRight";
				INFOPLIST_KEY_UISupportedInterfaceOrientations_iPhone = "UIInterfaceOrientationPortrait UIInterfaceOrientationLandscapeLeft UIInterfaceOrientationLandscapeRight";
				LD_RUNPATH_SEARCH_PATHS = (
					"$(inherited)",
					"@executable_path/Frameworks",
				);
				MARKETING_VERSION = 1.0;
				PRODUCT_BUNDLE_IDENTIFIER = com.kamijo.VoteApp;
				PRODUCT_NAME = "$(TARGET_NAME)";
				SWIFT_EMIT_LOC_STRINGS = YES;
				SWIFT_VERSION = 5.0;
				TARGETED_DEVICE_FAMILY = "1,2";
			};
			name = Release;
		};
/* End XCBuildConfiguration section */

/* Begin XCConfigurationList section */
		B2CF471A2903F9C200759AF4 /* Build configuration list for PBXProject "VoteApp" */ = {
			isa = XCConfigurationList;
			buildConfigurations = (
				B2CF47312903F9C300759AF4 /* Debug */,
				B2CF47322903F9C300759AF4 /* Release */,
			);
			defaultConfigurationIsVisible = 0;
			defaultConfigurationName = Release;
		};
		B2CF47332903F9C300759AF4 /* Build configuration list for PBXNativeTarget "VoteApp" */ = {
			isa = XCConfigurationList;
			buildConfigurations = (
				B2CF47342903F9C300759AF4 /* Debug */,
				B2CF47352903F9C300759AF4 /* Release */,
			);
			defaultConfigurationIsVisible = 0;
			defaultConfigurationName = Release;
		};
/* End XCConfigurationList section */

/* Begin XCRemoteSwiftPackageReference section */
		B2C62D9B292486780044D5C9 /* XCRemoteSwiftPackageReference "firebase-ios-sdk" */ = {
			isa = XCRemoteSwiftPackageReference;
			repositoryURL = "https://github.com/firebase/firebase-ios-sdk";
			requirement = {
				branch = master;
				kind = branch;
			};
		};
		B2CF47962906484800759AF4 /* XCRemoteSwiftPackageReference "Parchment" */ = {
			isa = XCRemoteSwiftPackageReference;
			repositoryURL = "https://github.com/rechsteiner/Parchment.git";
			requirement = {
				branch = main;
				kind = branch;
			};
		};
/* End XCRemoteSwiftPackageReference section */

/* Begin XCSwiftPackageProductDependency section */
		B2C62D9C292486780044D5C9 /* FirebaseAuth */ = {
			isa = XCSwiftPackageProductDependency;
			package = B2C62D9B292486780044D5C9 /* XCRemoteSwiftPackageReference "firebase-ios-sdk" */;
			productName = FirebaseAuth;
		};
		B2C62D9E292486780044D5C9 /* FirebaseAuthCombine-Community */ = {
			isa = XCSwiftPackageProductDependency;
			package = B2C62D9B292486780044D5C9 /* XCRemoteSwiftPackageReference "firebase-ios-sdk" */;
			productName = "FirebaseAuthCombine-Community";
		};
		B2C62DA0292486780044D5C9 /* FirebaseDatabase */ = {
			isa = XCSwiftPackageProductDependency;
			package = B2C62D9B292486780044D5C9 /* XCRemoteSwiftPackageReference "firebase-ios-sdk" */;
			productName = FirebaseDatabase;
		};
		B2C62DA2292486780044D5C9 /* FirebaseDatabaseSwift */ = {
			isa = XCSwiftPackageProductDependency;
			package = B2C62D9B292486780044D5C9 /* XCRemoteSwiftPackageReference "firebase-ios-sdk" */;
			productName = FirebaseDatabaseSwift;
		};
		B2C62DA4292486780044D5C9 /* FirebaseFirestore */ = {
			isa = XCSwiftPackageProductDependency;
			package = B2C62D9B292486780044D5C9 /* XCRemoteSwiftPackageReference "firebase-ios-sdk" */;
			productName = FirebaseFirestore;
		};
		B2C62DA6292486780044D5C9 /* FirebaseFirestoreCombine-Community */ = {
			isa = XCSwiftPackageProductDependency;
			package = B2C62D9B292486780044D5C9 /* XCRemoteSwiftPackageReference "firebase-ios-sdk" */;
			productName = "FirebaseFirestoreCombine-Community";
		};
		B2C62DA8292486780044D5C9 /* FirebaseFirestoreSwift */ = {
			isa = XCSwiftPackageProductDependency;
			package = B2C62D9B292486780044D5C9 /* XCRemoteSwiftPackageReference "firebase-ios-sdk" */;
			productName = FirebaseFirestoreSwift;
		};
		B2C62DAA292486780044D5C9 /* FirebaseStorage */ = {
			isa = XCSwiftPackageProductDependency;
			package = B2C62D9B292486780044D5C9 /* XCRemoteSwiftPackageReference "firebase-ios-sdk" */;
			productName = FirebaseStorage;
		};
		B2C62DAC292486780044D5C9 /* FirebaseStorageCombine-Community */ = {
			isa = XCSwiftPackageProductDependency;
			package = B2C62D9B292486780044D5C9 /* XCRemoteSwiftPackageReference "firebase-ios-sdk" */;
			productName = "FirebaseStorageCombine-Community";
		};
		B2CF47972906484800759AF4 /* Parchment */ = {
			isa = XCSwiftPackageProductDependency;
			package = B2CF47962906484800759AF4 /* XCRemoteSwiftPackageReference "Parchment" */;
			productName = Parchment;
		};
/* End XCSwiftPackageProductDependency section */
	};
	rootObject = B2CF47172903F9C200759AF4 /* Project object */;
}
